
Microsoft Visual Studio Solution File, Format Version 12.00
# Visual Studio Version 16
VisualStudioVersion = 16.0.30002.166
MinimumVisualStudioVersion = 10.0.40219.1
Project("{FAE04EC0-301F-11D3-BF4B-00C04F79EFBC}") = "JsonDevExpressGridView", "JsonDevExpressGridView\JsonDevExpressGridView.csproj", "{AB84EAFB-4E3D-4A7E-94D9-C4C43DEF2444}"
EndProject
Global
	GlobalSection(SolutionConfigurationPlatforms) = preSolution
		Debug|Any CPU = Debug|Any CPU
		Release|Any CPU = Release|Any CPU
	EndGlobalSection
	GlobalSection(ProjectConfigurationPlatforms) = postSolution
		{AB84EAFB-4E3D-4A7E-94D9-C4C43DEF2444}.Debug|Any CPU.ActiveCfg = Debug|Any CPU
		{AB84EAFB-4E3D-4A7E-94D9-C4C43DEF2444}.Debug|Any CPU.Build.0 = Debug|Any CPU
		{AB84EAFB-4E3D-4A7E-94D9-C4C43DEF2444}.Release|Any CPU.ActiveCfg = Release|Any CPU
		{AB84EAFB-4E3D-4A7E-94D9-C4C43DEF2444}.Release|Any CPU.Build.0 = Release|Any CPU
	EndGlobalSection
	GlobalSection(SolutionProperties) = preSolution
		HideSolutionNode = FALSE
	EndGlobalSection
	GlobalSection(ExtensibilityGlobals) = postSolution
		SolutionGuid = {955EE161-41D7-40FC-9AC5-9855FA56BFE9}
	EndGlobalSection
EndGlobal
